GIT
  remote: https://github.com/ecosyste-ms/bibliothecary.git
  revision: 0aaf43834608c4ed4ecf1f7900d19d8e945b9d14
  specs:
    ecosystems-bibliothecary (15.1.1)
      bundler
      csv
      json (~> 2.8)
      ox (>= 2.8.1)
      racc
      tomlrb (~> 2.0)

PATH
  remote: .
  specs:
    git-pkgs (0.6.2)
      ecosystems-bibliothecary (~> 15.1)
      rugged (~> 1.0)
      sequel (>= 5.0)
      sqlite3 (>= 2.0)

GEM
  remote: https://rubygems.org/
  specs:
    benchmark (0.5.0)
    bigdecimal (4.0.1)
    csv (3.3.5)
    date (3.5.1)
    docile (1.4.1)
    erb (6.0.1)
    io-console (0.8.2)
    irb (1.16.0)
      pp (>= 0.6.0)
      rdoc (>= 4.0.0)
      reline (>= 0.4.2)
    json (2.18.0)
    minitest (6.0.1)
      prism (~> 1.5)
    ostruct (0.6.3)
    ox (2.14.23)
      bigdecimal (>= 3.0)
    pp (0.6.3)
      prettyprint
    prettyprint (0.2.0)
    prism (1.7.0)
    psych (5.3.1)
      date
      stringio
    racc (1.8.1)
    rake (13.3.1)
    rdoc (7.0.3)
      erb
      psych (>= 4.0.0)
      tsort
    reline (0.6.3)
      io-console (~> 0.5)
    rugged (1.9.0)
    sequel (5.100.0)
      bigdecimal
    simplecov (0.22.0)
      docile (~> 1.1)
      simplecov-html (~> 0.11)
      simplecov_json_formatter (~> 0.1)
    simplecov-html (0.13.2)
    simplecov_json_formatter (0.1.4)
    sqlite3 (2.9.0-aarch64-linux-gnu)
    sqlite3 (2.9.0-aarch64-linux-musl)
    sqlite3 (2.9.0-arm-linux-gnu)
    sqlite3 (2.9.0-arm-linux-musl)
    sqlite3 (2.9.0-arm64-darwin)
    sqlite3 (2.9.0-x86-linux-gnu)
    sqlite3 (2.9.0-x86-linux-musl)
    sqlite3 (2.9.0-x86_64-darwin)
    sqlite3 (2.9.0-x86_64-linux-gnu)
    sqlite3 (2.9.0-x86_64-linux-musl)
    stringio (3.2.0)
    tomlrb (2.0.4)
    tsort (0.2.0)

PLATFORMS
  aarch64-linux-gnu
  aarch64-linux-musl
  arm-linux-gnu
  arm-linux-musl
  arm64-darwin
  x86-linux-gnu
  x86-linux-musl
  x86_64-darwin
  x86_64-linux-gnu
  x86_64-linux-musl

DEPENDENCIES
  benchmark
  ecosystems-bibliothecary!
  git-pkgs!
  irb
  minitest
  ostruct
  rake
  simplecov

CHECKSUMS
  benchmark (0.5.0) sha256=465df122341aedcb81a2a24b4d3bd19b6c67c1530713fd533f3ff034e419236c
  bigdecimal (4.0.1) sha256=8b07d3d065a9f921c80ceaea7c9d4ae596697295b584c296fe599dd0ad01c4a7
  csv (3.3.5) sha256=6e5134ac3383ef728b7f02725d9872934f523cb40b961479f69cf3afa6c8e73f
  date (3.5.1) sha256=750d06384d7b9c15d562c76291407d89e368dda4d4fff957eb94962d325a0dc0
  docile (1.4.1) sha256=96159be799bfa73cdb721b840e9802126e4e03dfc26863db73647204c727f21e
  ecosystems-bibliothecary (15.1.1)
  erb (6.0.1) sha256=28ecdd99c5472aebd5674d6061e3c6b0a45c049578b071e5a52c2a7f13c197e5
  git-pkgs (0.6.2)
  io-console (0.8.2) sha256=d6e3ae7a7cc7574f4b8893b4fca2162e57a825b223a177b7afa236c5ef9814cc
  irb (1.16.0) sha256=2abe56c9ac947cdcb2f150572904ba798c1e93c890c256f8429981a7675b0806
  json (2.18.0) sha256=b10506aee4183f5cf49e0efc48073d7b75843ce3782c68dbeb763351c08fd505
  minitest (6.0.1) sha256=7854c74f48e2e975969062833adc4013f249a4b212f5e7b9d5c040bf838d54bb
  ostruct (0.6.3) sha256=95a2ed4a4bd1d190784e666b47b2d3f078e4a9efda2fccf18f84ddc6538ed912
  ox (2.14.23) sha256=4a9aedb4d6c78c5ebac1d7287dc7cc6808e14a8831d7adb727438f6a1b461b66
  pp (0.6.3) sha256=2951d514450b93ccfeb1df7d021cae0da16e0a7f95ee1e2273719669d0ab9df6
  prettyprint (0.2.0) sha256=2bc9e15581a94742064a3cc8b0fb9d45aae3d03a1baa6ef80922627a0766f193
  prism (1.7.0) sha256=10062f734bf7985c8424c44fac382ac04a58124ea3d220ec3ba9fe4f2da65103
  psych (5.3.1) sha256=eb7a57cef10c9d70173ff74e739d843ac3b2c019a003de48447b2963d81b1974
  racc (1.8.1) sha256=4a7f6929691dbec8b5209a0b373bc2614882b55fc5d2e447a21aaa691303d62f
  rake (13.3.1) sha256=8c9e89d09f66a26a01264e7e3480ec0607f0c497a861ef16063604b1b08eb19c
  rdoc (7.0.3) sha256=dfe3d0981d19b7bba71d9dbaeb57c9f4e3a7a4103162148a559c4fc687ea81f9
  reline (0.6.3) sha256=1198b04973565b36ec0f11542ab3f5cfeeec34823f4e54cebde90968092b1835
  rugged (1.9.0) sha256=7faaa912c5888d6e348d20fa31209b6409f1574346b1b80e309dbc7e8d63efac
  sequel (5.100.0) sha256=cb0329b62287a01db68eead46759c14497a3fae01b174e2c41da108a9e9b4a12
  simplecov (0.22.0) sha256=fe2622c7834ff23b98066bb0a854284b2729a569ac659f82621fc22ef36213a5
  simplecov-html (0.13.2) sha256=bd0b8e54e7c2d7685927e8d6286466359b6f16b18cb0df47b508e8d73c777246
  simplecov_json_formatter (0.1.4) sha256=529418fbe8de1713ac2b2d612aa3daa56d316975d307244399fa4838c601b428
  sqlite3 (2.9.0-aarch64-linux-gnu) sha256=cfe1e0216f46d7483839719bf827129151e6c680317b99d7b8fc1597a3e13473
  sqlite3 (2.9.0-aarch64-linux-musl) sha256=56a35cb2d70779afc2ac191baf2c2148242285ecfed72f9b021218c5c4917913
  sqlite3 (2.9.0-arm-linux-gnu) sha256=a19a21504b0d7c8c825fbbf37b358ae316b6bd0d0134c619874060b2eef05435
  sqlite3 (2.9.0-arm-linux-musl) sha256=fca5b26197c70e3363115d3faaea34d7b2ad9c7f5fa8d8312e31b64e7556ee07
  sqlite3 (2.9.0-arm64-darwin) sha256=a917bd9b84285766ff3300b7d79cd583f5a067594c8c1263e6441618c04a6ed3
  sqlite3 (2.9.0-x86-linux-gnu) sha256=47317ba230f6c2c361981aa5fc1bf9de1b99727317171393ba90abab092c5b5f
  sqlite3 (2.9.0-x86-linux-musl) sha256=b627f3a2ca59aaaa5e10b8666cdbd7122469b49afa4bd895133cecb7b5c1368d
  sqlite3 (2.9.0-x86_64-darwin) sha256=59fe51baa3cb33c36d27ce78b4ed9360cd33ccca09498c2ae63850c97c0a6026
  sqlite3 (2.9.0-x86_64-linux-gnu) sha256=72fff9bd750070ba3af695511ba5f0e0a2d8a9206f84869640b3e99dfaf3d5a5
  sqlite3 (2.9.0-x86_64-linux-musl) sha256=ef716ba7a66d7deb1ccc402ac3a6d7343da17fac862793b7f0be3d2917253c90
  stringio (3.2.0) sha256=c37cb2e58b4ffbd33fe5cd948c05934af997b36e0b6ca6fdf43afa234cf222e1
  tomlrb (2.0.4) sha256=262f77947ac3ac9b3366a0a5940ecd238300c553e2e14f22009e2afcd2181b99
  tsort (0.2.0) sha256=9650a793f6859a43b6641671278f79cfead60ac714148aabe4e3f0060480089f

BUNDLED WITH
  4.0.3
